
Microsoft Visual Studio Solution File, Format Version 12.00
# Visual Studio Version 16
VisualStudioVersion = 16.0.31729.503
MinimumVisualStudioVersion = 10.0.40219.1
Project("{FAE04EC0-301F-11D3-BF4B-00C04F79EFBC}") = "RentalKendaraan", "RentalKendaraan\RentalKendaraan.csproj", "{83F0B7BD-714C-4673-AD4A-9EDC86F15299}"
EndProject
Global
	GlobalSection(SolutionConfigurationPlatforms) = preSolution
		Debug|Any CPU = Debug|Any CPU
		Release|Any CPU = Release|Any CPU
	EndGlobalSection
	GlobalSection(ProjectConfigurationPlatforms) = postSolution
		{83F0B7BD-714C-4673-AD4A-9EDC86F15299}.Debug|Any CPU.ActiveCfg = Debug|Any CPU
		{83F0B7BD-714C-4673-AD4A-9EDC86F15299}.Debug|Any CPU.Build.0 = Debug|Any CPU
		{83F0B7BD-714C-4673-AD4A-9EDC86F15299}.Release|Any CPU.ActiveCfg = Release|Any CPU
		{83F0B7BD-714C-4673-AD4A-9EDC86F15299}.Release|Any CPU.Build.0 = Release|Any CPU
	EndGlobalSection
	GlobalSection(SolutionProperties) = preSolution
		HideSolutionNode = FALSE
	EndGlobalSection
	GlobalSection(ExtensibilityGlobals) = postSolution
		SolutionGuid = {00E615E3-6775-4BDA-9237-2F8B1D460DBD}
	EndGlobalSection
EndGlobal
